
Microsoft Visual Studio Solution File, Format Version 12.00
# Visual Studio Version 17
VisualStudioVersion = 17.0.31903.59
MinimumVisualStudioVersion = 10.0.40219.1
Project("{FAE04EC0-301F-11D3-BF4B-00C04F79EFBC}") = "TSM.TaskManager.Api", "src\TaskManager\TSM.TaskManager.Api\TSM.TaskManager.Api.csproj", "{4E66D77D-B527-4E70-B925-872E5C88354F}"
EndProject
Project("{FAE04EC0-301F-11D3-BF4B-00C04F79EFBC}") = "TSM.TaskManager.Application", "src\TaskManager\TSM.TaskManager.Application\TSM.TaskManager.Application.csproj", "{4A0F7FA9-56EE-4F5D-B0A0-A1A694272DEC}"
EndProject
Project("{FAE04EC0-301F-11D3-BF4B-00C04F79EFBC}") = "TSM.TaskManager.Domain", "src\TaskManager\TSM.TaskManager.Domain\TSM.TaskManager.Domain.csproj", "{279555D7-FE3F-4A0D-9F52-E1A9816611B2}"
EndProject
Project("{FAE04EC0-301F-11D3-BF4B-00C04F79EFBC}") = "TSM.TaskManager.Infrastructure", "src\TaskManager\TSM.TaskManager.Infrastructure\TSM.TaskManager.Infrastructure.csproj", "{6573FEAA-86E8-472F-B3B9-ED3DCD829A81}"
EndProject
Project("{2150E333-8FDC-42A3-9474-1A3956D46DE8}") = "src", "src", "{75A8264E-5831-4801-B930-7C63F6EBF925}"
EndProject
Project("{FAE04EC0-301F-11D3-BF4B-00C04F79EFBC}") = "TSM.WorkLog.Application", "src\WorkLog\TSM.WorkLog.Application\TSM.WorkLog.Application.csproj", "{0534C26E-E4D3-4AAA-BC02-A3FAF83707E0}"
EndProject
Project("{FAE04EC0-301F-11D3-BF4B-00C04F79EFBC}") = "TSM.WorkLog.Domain", "src\WorkLog\TSM.WorkLog.Domain\TSM.WorkLog.Domain.csproj", "{FABA8F98-5E63-4565-91EA-7AB37507A846}"
EndProject
Project("{FAE04EC0-301F-11D3-BF4B-00C04F79EFBC}") = "TSM.WorkLog.Infrastructure", "src\WorkLog\TSM.WorkLog.Infrastructure\TSM.WorkLog.Infrastructure.csproj", "{22D7EC6C-A12E-4B0D-A531-30641CE018FC}"
EndProject
Project("{FAE04EC0-301F-11D3-BF4B-00C04F79EFBC}") = "TSM.WorkLog.Api", "src\WorkLog\TSM.WorkLog.Api\TSM.WorkLog.Api.csproj", "{6EA88571-58B3-4371-B7C5-0C9376913FC8}"
EndProject
Project("{2150E333-8FDC-42A3-9474-1A3956D46DE8}") = "TaskManager", "TaskManager", "{37652936-A826-4186-BA93-3A5862E6598F}"
EndProject
Project("{2150E333-8FDC-42A3-9474-1A3956D46DE8}") = "WorkLog", "WorkLog", "{0A0A5C3D-4F22-4BA2-91A3-82C88E1773E4}"
EndProject
Project("{2150E333-8FDC-42A3-9474-1A3956D46DE8}") = "BFF", "BFF", "{B57F880C-C6A5-47E8-B474-83FAC063A11B}"
EndProject
Project("{FAE04EC0-301F-11D3-BF4B-00C04F79EFBC}") = "TSM.BFF.Api", "src\BFF\TSM.BFF.Api\TSM.BFF.Api.csproj", "{22D8E219-19C3-4C08-B3F8-582A8642C0A4}"
EndProject
Global
	GlobalSection(SolutionConfigurationPlatforms) = preSolution
		Debug|Any CPU = Debug|Any CPU
		Release|Any CPU = Release|Any CPU
	EndGlobalSection
	GlobalSection(ProjectConfigurationPlatforms) = postSolution
		{4E66D77D-B527-4E70-B925-872E5C88354F}.Debug|Any CPU.ActiveCfg = Debug|Any CPU
		{4E66D77D-B527-4E70-B925-872E5C88354F}.Debug|Any CPU.Build.0 = Debug|Any CPU
		{4E66D77D-B527-4E70-B925-872E5C88354F}.Release|Any CPU.ActiveCfg = Release|Any CPU
		{4E66D77D-B527-4E70-B925-872E5C88354F}.Release|Any CPU.Build.0 = Release|Any CPU
		{4A0F7FA9-56EE-4F5D-B0A0-A1A694272DEC}.Debug|Any CPU.ActiveCfg = Debug|Any CPU
		{4A0F7FA9-56EE-4F5D-B0A0-A1A694272DEC}.Debug|Any CPU.Build.0 = Debug|Any CPU
		{4A0F7FA9-56EE-4F5D-B0A0-A1A694272DEC}.Release|Any CPU.ActiveCfg = Release|Any CPU
		{4A0F7FA9-56EE-4F5D-B0A0-A1A694272DEC}.Release|Any CPU.Build.0 = Release|Any CPU
		{279555D7-FE3F-4A0D-9F52-E1A9816611B2}.Debug|Any CPU.ActiveCfg = Debug|Any CPU
		{279555D7-FE3F-4A0D-9F52-E1A9816611B2}.Debug|Any CPU.Build.0 = Debug|Any CPU
		{279555D7-FE3F-4A0D-9F52-E1A9816611B2}.Release|Any CPU.ActiveCfg = Release|Any CPU
		{279555D7-FE3F-4A0D-9F52-E1A9816611B2}.Release|Any CPU.Build.0 = Release|Any CPU
		{6573FEAA-86E8-472F-B3B9-ED3DCD829A81}.Debug|Any CPU.ActiveCfg = Debug|Any CPU
		{6573FEAA-86E8-472F-B3B9-ED3DCD829A81}.Debug|Any CPU.Build.0 = Debug|Any CPU
		{6573FEAA-86E8-472F-B3B9-ED3DCD829A81}.Release|Any CPU.ActiveCfg = Release|Any CPU
		{6573FEAA-86E8-472F-B3B9-ED3DCD829A81}.Release|Any CPU.Build.0 = Release|Any CPU
		{0534C26E-E4D3-4AAA-BC02-A3FAF83707E0}.Debug|Any CPU.ActiveCfg = Debug|Any CPU
		{0534C26E-E4D3-4AAA-BC02-A3FAF83707E0}.Debug|Any CPU.Build.0 = Debug|Any CPU
		{0534C26E-E4D3-4AAA-BC02-A3FAF83707E0}.Release|Any CPU.ActiveCfg = Release|Any CPU
		{0534C26E-E4D3-4AAA-BC02-A3FAF83707E0}.Release|Any CPU.Build.0 = Release|Any CPU
		{FABA8F98-5E63-4565-91EA-7AB37507A846}.Debug|Any CPU.ActiveCfg = Debug|Any CPU
		{FABA8F98-5E63-4565-91EA-7AB37507A846}.Debug|Any CPU.Build.0 = Debug|Any CPU
		{FABA8F98-5E63-4565-91EA-7AB37507A846}.Release|Any CPU.ActiveCfg = Release|Any CPU
		{FABA8F98-5E63-4565-91EA-7AB37507A846}.Release|Any CPU.Build.0 = Release|Any CPU
		{22D7EC6C-A12E-4B0D-A531-30641CE018FC}.Debug|Any CPU.ActiveCfg = Debug|Any CPU
		{22D7EC6C-A12E-4B0D-A531-30641CE018FC}.Debug|Any CPU.Build.0 = Debug|Any CPU
		{22D7EC6C-A12E-4B0D-A531-30641CE018FC}.Release|Any CPU.ActiveCfg = Release|Any CPU
		{22D7EC6C-A12E-4B0D-A531-30641CE018FC}.Release|Any CPU.Build.0 = Release|Any CPU
		{6EA88571-58B3-4371-B7C5-0C9376913FC8}.Debug|Any CPU.ActiveCfg = Debug|Any CPU
		{6EA88571-58B3-4371-B7C5-0C9376913FC8}.Debug|Any CPU.Build.0 = Debug|Any CPU
		{6EA88571-58B3-4371-B7C5-0C9376913FC8}.Release|Any CPU.ActiveCfg = Release|Any CPU
		{6EA88571-58B3-4371-B7C5-0C9376913FC8}.Release|Any CPU.Build.0 = Release|Any CPU
		{22D8E219-19C3-4C08-B3F8-582A8642C0A4}.Debug|Any CPU.ActiveCfg = Debug|Any CPU
		{22D8E219-19C3-4C08-B3F8-582A8642C0A4}.Debug|Any CPU.Build.0 = Debug|Any CPU
		{22D8E219-19C3-4C08-B3F8-582A8642C0A4}.Release|Any CPU.ActiveCfg = Release|Any CPU
		{22D8E219-19C3-4C08-B3F8-582A8642C0A4}.Release|Any CPU.Build.0 = Release|Any CPU
	EndGlobalSection
	GlobalSection(SolutionProperties) = preSolution
		HideSolutionNode = FALSE
	EndGlobalSection
	GlobalSection(NestedProjects) = preSolution
		{4E66D77D-B527-4E70-B925-872E5C88354F} = {37652936-A826-4186-BA93-3A5862E6598F}
		{4A0F7FA9-56EE-4F5D-B0A0-A1A694272DEC} = {37652936-A826-4186-BA93-3A5862E6598F}
		{279555D7-FE3F-4A0D-9F52-E1A9816611B2} = {37652936-A826-4186-BA93-3A5862E6598F}
		{6573FEAA-86E8-472F-B3B9-ED3DCD829A81} = {37652936-A826-4186-BA93-3A5862E6598F}
		{0534C26E-E4D3-4AAA-BC02-A3FAF83707E0} = {0A0A5C3D-4F22-4BA2-91A3-82C88E1773E4}
		{FABA8F98-5E63-4565-91EA-7AB37507A846} = {0A0A5C3D-4F22-4BA2-91A3-82C88E1773E4}
		{22D7EC6C-A12E-4B0D-A531-30641CE018FC} = {0A0A5C3D-4F22-4BA2-91A3-82C88E1773E4}
		{6EA88571-58B3-4371-B7C5-0C9376913FC8} = {0A0A5C3D-4F22-4BA2-91A3-82C88E1773E4}
		{37652936-A826-4186-BA93-3A5862E6598F} = {75A8264E-5831-4801-B930-7C63F6EBF925}
		{0A0A5C3D-4F22-4BA2-91A3-82C88E1773E4} = {75A8264E-5831-4801-B930-7C63F6EBF925}
		{B57F880C-C6A5-47E8-B474-83FAC063A11B} = {75A8264E-5831-4801-B930-7C63F6EBF925}
		{22D8E219-19C3-4C08-B3F8-582A8642C0A4} = {B57F880C-C6A5-47E8-B474-83FAC063A11B}
	EndGlobalSection
EndGlobal
